
Microsoft Visual Studio Solution File, Format Version 12.00
# Visual Studio Version 17
VisualStudioVersion = 17.10.35122.118
MinimumVisualStudioVersion = 10.0.40219.1
Project("{FAE04EC0-301F-11D3-BF4B-00C04F79EFBC}") = "PruebaGit", "PruebaGit\PruebaGit.csproj", "{A5354080-5D8D-46CA-BAF0-0275D8AD4EFB}"
EndProject
Global
	GlobalSection(SolutionConfigurationPlatforms) = preSolution
		Debug|Any CPU = Debug|Any CPU
		Release|Any CPU = Release|Any CPU
	EndGlobalSection
	GlobalSection(ProjectConfigurationPlatforms) = postSolution
		{A5354080-5D8D-46CA-BAF0-0275D8AD4EFB}.Debug|Any CPU.ActiveCfg = Debug|Any CPU
		{A5354080-5D8D-46CA-BAF0-0275D8AD4EFB}.Debug|Any CPU.Build.0 = Debug|Any CPU
		{A5354080-5D8D-46CA-BAF0-0275D8AD4EFB}.Release|Any CPU.ActiveCfg = Release|Any CPU
		{A5354080-5D8D-46CA-BAF0-0275D8AD4EFB}.Release|Any CPU.Build.0 = Release|Any CPU
	EndGlobalSection
	GlobalSection(SolutionProperties) = preSolution
		HideSolutionNode = FALSE
	EndGlobalSection
	GlobalSection(ExtensibilityGlobals) = postSolution
		SolutionGuid = {10D4571D-19DA-4FFB-990F-32C978406C1D}
	EndGlobalSection
EndGlobal
